
Microsoft Visual Studio Solution File, Format Version 12.00
# Visual Studio Version 17
VisualStudioVersion = 17.13.35931.197 d17.13
MinimumVisualStudioVersion = 10.0.40219.1
Project("{FAE04EC0-301F-11D3-BF4B-00C04F79EFBC}") = "Proyecto Laboratorios Univalle", "Proyecto Laboratorios Univalle.csproj", "{7EBAD772-4763-4B2E-8DE9-8F8AF073E475}"
EndProject
Global
	GlobalSection(SolutionConfigurationPlatforms) = preSolution
		Debug|Any CPU = Debug|Any CPU
		Release|Any CPU = Release|Any CPU
	EndGlobalSection
	GlobalSection(ProjectConfigurationPlatforms) = postSolution
		{7EBAD772-4763-4B2E-8DE9-8F8AF073E475}.Debug|Any CPU.ActiveCfg = Debug|Any CPU
		{7EBAD772-4763-4B2E-8DE9-8F8AF073E475}.Debug|Any CPU.Build.0 = Debug|Any CPU
		{7EBAD772-4763-4B2E-8DE9-8F8AF073E475}.Release|Any CPU.ActiveCfg = Release|Any CPU
		{7EBAD772-4763-4B2E-8DE9-8F8AF073E475}.Release|Any CPU.Build.0 = Release|Any CPU
	EndGlobalSection
	GlobalSection(SolutionProperties) = preSolution
		HideSolutionNode = FALSE
	EndGlobalSection
	GlobalSection(ExtensibilityGlobals) = postSolution
		SolutionGuid = {9D242483-D09B-4473-93EC-4B2D14C8CFBC}
	EndGlobalSection
EndGlobal
